
Microsoft Visual Studio Solution File, Format Version 12.00
# Visual Studio Version 17
VisualStudioVersion = 17.14.36518.9 d17.14
MinimumVisualStudioVersion = 10.0.40219.1
Project("{FAE04EC0-301F-11D3-BF4B-00C04F79EFBC}") = "123123", "123123.csproj", "{32DF12D6-3770-41CF-B2FE-D1BA20A1A377}"
EndProject
Global
	GlobalSection(SolutionConfigurationPlatforms) = preSolution
		Debug|Any CPU = Debug|Any CPU
		Release|Any CPU = Release|Any CPU
	EndGlobalSection
	GlobalSection(ProjectConfigurationPlatforms) = postSolution
		{32DF12D6-3770-41CF-B2FE-D1BA20A1A377}.Debug|Any CPU.ActiveCfg = Debug|Any CPU
		{32DF12D6-3770-41CF-B2FE-D1BA20A1A377}.Debug|Any CPU.Build.0 = Debug|Any CPU
		{32DF12D6-3770-41CF-B2FE-D1BA20A1A377}.Release|Any CPU.ActiveCfg = Release|Any CPU
		{32DF12D6-3770-41CF-B2FE-D1BA20A1A377}.Release|Any CPU.Build.0 = Release|Any CPU
	EndGlobalSection
	GlobalSection(SolutionProperties) = preSolution
		HideSolutionNode = FALSE
	EndGlobalSection
	GlobalSection(ExtensibilityGlobals) = postSolution
		SolutionGuid = {B223EC4E-1CB2-4D80-9021-3EE251575FAB}
	EndGlobalSection
EndGlobal
