
Microsoft Visual Studio Solution File, Format Version 12.00
# Visual Studio Version 17
VisualStudioVersion = 17.14.36518.9 d17.14
MinimumVisualStudioVersion = 10.0.40219.1
Project("{FAE04EC0-301F-11D3-BF4B-00C04F79EFBC}") = "Exercicio_05", "Exercicio_05.csproj", "{8D0A1944-984D-4545-8476-0B4A6E58AF95}"
EndProject
Global
	GlobalSection(SolutionConfigurationPlatforms) = preSolution
		Debug|Any CPU = Debug|Any CPU
		Release|Any CPU = Release|Any CPU
	EndGlobalSection
	GlobalSection(ProjectConfigurationPlatforms) = postSolution
		{8D0A1944-984D-4545-8476-0B4A6E58AF95}.Debug|Any CPU.ActiveCfg = Debug|Any CPU
		{8D0A1944-984D-4545-8476-0B4A6E58AF95}.Debug|Any CPU.Build.0 = Debug|Any CPU
		{8D0A1944-984D-4545-8476-0B4A6E58AF95}.Release|Any CPU.ActiveCfg = Release|Any CPU
		{8D0A1944-984D-4545-8476-0B4A6E58AF95}.Release|Any CPU.Build.0 = Release|Any CPU
	EndGlobalSection
	GlobalSection(SolutionProperties) = preSolution
		HideSolutionNode = FALSE
	EndGlobalSection
	GlobalSection(ExtensibilityGlobals) = postSolution
		SolutionGuid = {6C3A7170-B57A-454D-9AEC-50FEF9854FAB}
	EndGlobalSection
EndGlobal
