
Microsoft Visual Studio Solution File, Format Version 12.00
# Visual Studio Version 17
VisualStudioVersion = 17.14.36518.9 d17.14
MinimumVisualStudioVersion = 10.0.40219.1
Project("{FAE04EC0-301F-11D3-BF4B-00C04F79EFBC}") = "Aula_07_Ex3", "Aula_07_Ex3.csproj", "{0D6A9EEA-C58F-46FA-8B49-CA397B824B02}"
EndProject
Global
	GlobalSection(SolutionConfigurationPlatforms) = preSolution
		Debug|Any CPU = Debug|Any CPU
		Release|Any CPU = Release|Any CPU
	EndGlobalSection
	GlobalSection(ProjectConfigurationPlatforms) = postSolution
		{0D6A9EEA-C58F-46FA-8B49-CA397B824B02}.Debug|Any CPU.ActiveCfg = Debug|Any CPU
		{0D6A9EEA-C58F-46FA-8B49-CA397B824B02}.Debug|Any CPU.Build.0 = Debug|Any CPU
		{0D6A9EEA-C58F-46FA-8B49-CA397B824B02}.Release|Any CPU.ActiveCfg = Release|Any CPU
		{0D6A9EEA-C58F-46FA-8B49-CA397B824B02}.Release|Any CPU.Build.0 = Release|Any CPU
	EndGlobalSection
	GlobalSection(SolutionProperties) = preSolution
		HideSolutionNode = FALSE
	EndGlobalSection
	GlobalSection(ExtensibilityGlobals) = postSolution
		SolutionGuid = {6FBE4BEF-23F3-416B-8A23-FF5A65E8E077}
	EndGlobalSection
EndGlobal
