
Microsoft Visual Studio Solution File, Format Version 12.00
# Visual Studio Version 17
VisualStudioVersion = 17.14.36518.9 d17.14
MinimumVisualStudioVersion = 10.0.40219.1
Project("{FAE04EC0-301F-11D3-BF4B-00C04F79EFBC}") = "Aula_05_Ex3", "Aula_05_Ex3.csproj", "{21FF1BC0-8308-4D40-A56F-C0DF89648599}"
EndProject
Global
	GlobalSection(SolutionConfigurationPlatforms) = preSolution
		Debug|Any CPU = Debug|Any CPU
		Release|Any CPU = Release|Any CPU
	EndGlobalSection
	GlobalSection(ProjectConfigurationPlatforms) = postSolution
		{21FF1BC0-8308-4D40-A56F-C0DF89648599}.Debug|Any CPU.ActiveCfg = Debug|Any CPU
		{21FF1BC0-8308-4D40-A56F-C0DF89648599}.Debug|Any CPU.Build.0 = Debug|Any CPU
		{21FF1BC0-8308-4D40-A56F-C0DF89648599}.Release|Any CPU.ActiveCfg = Release|Any CPU
		{21FF1BC0-8308-4D40-A56F-C0DF89648599}.Release|Any CPU.Build.0 = Release|Any CPU
	EndGlobalSection
	GlobalSection(SolutionProperties) = preSolution
		HideSolutionNode = FALSE
	EndGlobalSection
	GlobalSection(ExtensibilityGlobals) = postSolution
		SolutionGuid = {D34041BD-456A-48CB-BECB-DCF030CE9931}
	EndGlobalSection
EndGlobal
